
Microsoft Visual Studio Solution File, Format Version 12.00
# Visual Studio 15
VisualStudioVersion = 15.0.26430.4
MinimumVisualStudioVersion = 10.0.40219.1
Project("{00D1A9C2-B5F0-4AF3-8072-F6C62B433612}") = "GeoIP", "GeoIP\GeoIP.sqlproj", "{DAAA1BDE-9BA7-44BE-B831-610CD2824005}"
EndProject
Project("{00D1A9C2-B5F0-4AF3-8072-F6C62B433612}") = "AzureResource", "AzureResource\AzureResource.sqlproj", "{17CC6471-973B-4924-B316-43D24523DC12}"
EndProject
Project("{00D1A9C2-B5F0-4AF3-8072-F6C62B433612}") = "MSFTIoTPOC", "MSFTIoTPOC\MSFTIoTPOC.sqlproj", "{56F2FBBD-B530-46A4-9B71-620A3A0DD096}"
EndProject
Project("{00D1A9C2-B5F0-4AF3-8072-F6C62B433612}") = "RdxData", "RdxData\RdxData.sqlproj", "{8CBEEB1D-3E72-4820-A053-F9EB4DE4F22D}"
EndProject
Project("{00D1A9C2-B5F0-4AF3-8072-F6C62B433612}") = "ResApplicationTelemetry", "ResApplicationTelemetry\ResApplicationTelemetry.sqlproj", "{1A93D46A-8BD8-46D7-A7A7-C47267CFF2DA}"
EndProject
Project("{00D1A9C2-B5F0-4AF3-8072-F6C62B433612}") = "MsftRetailCampaign", "MsftRetailCampaign\MsftRetailCampaign.sqlproj", "{540C890D-3905-4847-A1BE-E58800B6B9FF}"
EndProject
Global
	GlobalSection(SolutionConfigurationPlatforms) = preSolution
		Debug|Any CPU = Debug|Any CPU
		Release|Any CPU = Release|Any CPU
	EndGlobalSection
	GlobalSection(ProjectConfigurationPlatforms) = postSolution
		{DAAA1BDE-9BA7-44BE-B831-610CD2824005}.Debug|Any CPU.ActiveCfg = Debug|Any CPU
		{DAAA1BDE-9BA7-44BE-B831-610CD2824005}.Debug|Any CPU.Build.0 = Debug|Any CPU
		{DAAA1BDE-9BA7-44BE-B831-610CD2824005}.Debug|Any CPU.Deploy.0 = Debug|Any CPU
		{DAAA1BDE-9BA7-44BE-B831-610CD2824005}.Release|Any CPU.ActiveCfg = Release|Any CPU
		{DAAA1BDE-9BA7-44BE-B831-610CD2824005}.Release|Any CPU.Build.0 = Release|Any CPU
		{DAAA1BDE-9BA7-44BE-B831-610CD2824005}.Release|Any CPU.Deploy.0 = Release|Any CPU
		{17CC6471-973B-4924-B316-43D24523DC12}.Debug|Any CPU.ActiveCfg = Debug|Any CPU
		{17CC6471-973B-4924-B316-43D24523DC12}.Debug|Any CPU.Build.0 = Debug|Any CPU
		{17CC6471-973B-4924-B316-43D24523DC12}.Debug|Any CPU.Deploy.0 = Debug|Any CPU
		{17CC6471-973B-4924-B316-43D24523DC12}.Release|Any CPU.ActiveCfg = Release|Any CPU
		{17CC6471-973B-4924-B316-43D24523DC12}.Release|Any CPU.Build.0 = Release|Any CPU
		{17CC6471-973B-4924-B316-43D24523DC12}.Release|Any CPU.Deploy.0 = Release|Any CPU
		{56F2FBBD-B530-46A4-9B71-620A3A0DD096}.Debug|Any CPU.ActiveCfg = Debug|Any CPU
		{56F2FBBD-B530-46A4-9B71-620A3A0DD096}.Debug|Any CPU.Build.0 = Debug|Any CPU
		{56F2FBBD-B530-46A4-9B71-620A3A0DD096}.Debug|Any CPU.Deploy.0 = Debug|Any CPU
		{56F2FBBD-B530-46A4-9B71-620A3A0DD096}.Release|Any CPU.ActiveCfg = Release|Any CPU
		{56F2FBBD-B530-46A4-9B71-620A3A0DD096}.Release|Any CPU.Build.0 = Release|Any CPU
		{56F2FBBD-B530-46A4-9B71-620A3A0DD096}.Release|Any CPU.Deploy.0 = Release|Any CPU
		{8CBEEB1D-3E72-4820-A053-F9EB4DE4F22D}.Debug|Any CPU.ActiveCfg = Debug|Any CPU
		{8CBEEB1D-3E72-4820-A053-F9EB4DE4F22D}.Debug|Any CPU.Build.0 = Debug|Any CPU
		{8CBEEB1D-3E72-4820-A053-F9EB4DE4F22D}.Debug|Any CPU.Deploy.0 = Debug|Any CPU
		{8CBEEB1D-3E72-4820-A053-F9EB4DE4F22D}.Release|Any CPU.ActiveCfg = Release|Any CPU
		{8CBEEB1D-3E72-4820-A053-F9EB4DE4F22D}.Release|Any CPU.Build.0 = Release|Any CPU
		{8CBEEB1D-3E72-4820-A053-F9EB4DE4F22D}.Release|Any CPU.Deploy.0 = Release|Any CPU
		{1A93D46A-8BD8-46D7-A7A7-C47267CFF2DA}.Debug|Any CPU.ActiveCfg = Debug|Any CPU
		{1A93D46A-8BD8-46D7-A7A7-C47267CFF2DA}.Debug|Any CPU.Build.0 = Debug|Any CPU
		{1A93D46A-8BD8-46D7-A7A7-C47267CFF2DA}.Debug|Any CPU.Deploy.0 = Debug|Any CPU
		{1A93D46A-8BD8-46D7-A7A7-C47267CFF2DA}.Release|Any CPU.ActiveCfg = Release|Any CPU
		{1A93D46A-8BD8-46D7-A7A7-C47267CFF2DA}.Release|Any CPU.Build.0 = Release|Any CPU
		{1A93D46A-8BD8-46D7-A7A7-C47267CFF2DA}.Release|Any CPU.Deploy.0 = Release|Any CPU
		{540C890D-3905-4847-A1BE-E58800B6B9FF}.Debug|Any CPU.ActiveCfg = Debug|Any CPU
		{540C890D-3905-4847-A1BE-E58800B6B9FF}.Debug|Any CPU.Build.0 = Debug|Any CPU
		{540C890D-3905-4847-A1BE-E58800B6B9FF}.Debug|Any CPU.Deploy.0 = Debug|Any CPU
		{540C890D-3905-4847-A1BE-E58800B6B9FF}.Release|Any CPU.ActiveCfg = Release|Any CPU
		{540C890D-3905-4847-A1BE-E58800B6B9FF}.Release|Any CPU.Build.0 = Release|Any CPU
		{540C890D-3905-4847-A1BE-E58800B6B9FF}.Release|Any CPU.Deploy.0 = Release|Any CPU
	EndGlobalSection
	GlobalSection(SolutionProperties) = preSolution
		HideSolutionNode = FALSE
	EndGlobalSection
EndGlobal
